
Microsoft Visual Studio Solution File, Format Version 12.00
# Visual Studio Version 16
VisualStudioVersion = 16.0.29424.173
MinimumVisualStudioVersion = 10.0.40219.1
Project("{FAE04EC0-301F-11D3-BF4B-00C04F79EFBC}") = "Dekorator_Demo", "Dekorator_Demo\Dekorator_Demo.csproj", "{5C251082-904E-4122-A2FE-D5ECBD4E7557}"
EndProject
Global
	GlobalSection(SolutionConfigurationPlatforms) = preSolution
		Debug|Any CPU = Debug|Any CPU
		Release|Any CPU = Release|Any CPU
	EndGlobalSection
	GlobalSection(ProjectConfigurationPlatforms) = postSolution
		{5C251082-904E-4122-A2FE-D5ECBD4E7557}.Debug|Any CPU.ActiveCfg = Debug|Any CPU
		{5C251082-904E-4122-A2FE-D5ECBD4E7557}.Debug|Any CPU.Build.0 = Debug|Any CPU
		{5C251082-904E-4122-A2FE-D5ECBD4E7557}.Release|Any CPU.ActiveCfg = Release|Any CPU
		{5C251082-904E-4122-A2FE-D5ECBD4E7557}.Release|Any CPU.Build.0 = Release|Any CPU
	EndGlobalSection
	GlobalSection(SolutionProperties) = preSolution
		HideSolutionNode = FALSE
	EndGlobalSection
	GlobalSection(ExtensibilityGlobals) = postSolution
		SolutionGuid = {B61B4122-48E6-4B57-9B5B-746CB9DD5B06}
	EndGlobalSection
EndGlobal
