
Microsoft Visual Studio Solution File, Format Version 12.00
# Visual Studio Version 16
VisualStudioVersion = 16.0.29424.173
MinimumVisualStudioVersion = 10.0.40219.1
Project("{FAE04EC0-301F-11D3-BF4B-00C04F79EFBC}") = "Composite_Demo", "Composite_Demo\Composite_Demo.csproj", "{EE16AD58-2B9F-47D4-A1D6-EEC150C83B84}"
EndProject
Global
	GlobalSection(SolutionConfigurationPlatforms) = preSolution
		Debug|Any CPU = Debug|Any CPU
		Release|Any CPU = Release|Any CPU
	EndGlobalSection
	GlobalSection(ProjectConfigurationPlatforms) = postSolution
		{EE16AD58-2B9F-47D4-A1D6-EEC150C83B84}.Debug|Any CPU.ActiveCfg = Debug|Any CPU
		{EE16AD58-2B9F-47D4-A1D6-EEC150C83B84}.Debug|Any CPU.Build.0 = Debug|Any CPU
		{EE16AD58-2B9F-47D4-A1D6-EEC150C83B84}.Release|Any CPU.ActiveCfg = Release|Any CPU
		{EE16AD58-2B9F-47D4-A1D6-EEC150C83B84}.Release|Any CPU.Build.0 = Release|Any CPU
	EndGlobalSection
	GlobalSection(SolutionProperties) = preSolution
		HideSolutionNode = FALSE
	EndGlobalSection
	GlobalSection(ExtensibilityGlobals) = postSolution
		SolutionGuid = {AAF2B84B-10C7-4F1C-BCB6-0F9B1F6600F5}
	EndGlobalSection
EndGlobal
