
Microsoft Visual Studio Solution File, Format Version 12.00
# Visual Studio Version 16
VisualStudioVersion = 16.0.29424.173
MinimumVisualStudioVersion = 10.0.40219.1
Project("{FAE04EC0-301F-11D3-BF4B-00C04F79EFBC}") = "Fassade_Demo", "Fassade_Demo\Fassade_Demo.csproj", "{8E506D50-BBD3-40CF-B108-7B0FD520FA5A}"
EndProject
Global
	GlobalSection(SolutionConfigurationPlatforms) = preSolution
		Debug|Any CPU = Debug|Any CPU
		Release|Any CPU = Release|Any CPU
	EndGlobalSection
	GlobalSection(ProjectConfigurationPlatforms) = postSolution
		{8E506D50-BBD3-40CF-B108-7B0FD520FA5A}.Debug|Any CPU.ActiveCfg = Debug|Any CPU
		{8E506D50-BBD3-40CF-B108-7B0FD520FA5A}.Debug|Any CPU.Build.0 = Debug|Any CPU
		{8E506D50-BBD3-40CF-B108-7B0FD520FA5A}.Release|Any CPU.ActiveCfg = Release|Any CPU
		{8E506D50-BBD3-40CF-B108-7B0FD520FA5A}.Release|Any CPU.Build.0 = Release|Any CPU
	EndGlobalSection
	GlobalSection(SolutionProperties) = preSolution
		HideSolutionNode = FALSE
	EndGlobalSection
	GlobalSection(ExtensibilityGlobals) = postSolution
		SolutionGuid = {577442C7-7A33-4A1F-8C57-2E9D71828414}
	EndGlobalSection
EndGlobal
